
Microsoft Visual Studio Solution File, Format Version 12.00
# Visual Studio Version 16
VisualStudioVersion = 16.0.30717.126
MinimumVisualStudioVersion = 10.0.40219.1
Project("{9A19103F-16F7-4668-BE54-9A1E7A4F7556}") = "ApiServer", "src\ApiServer.csproj", "{5C349A39-2A61-4604-85E0-E423A68B1282}"
EndProject
Project("{E53339B2-1760-4266-BCC7-CA923CBCF16C}") = "docker-compose", "docker-compose.dcproj", "{311AE245-EB48-4F77-A481-BF6CD72F70E9}"
EndProject
Project("{9A19103F-16F7-4668-BE54-9A1E7A4F7556}") = "Test", "Test\Test.csproj", "{716F35B4-57B1-42FC-BCF6-50CC08637D55}"
EndProject
Global
	GlobalSection(SolutionConfigurationPlatforms) = preSolution
		Debug|Any CPU = Debug|Any CPU
		Release|Any CPU = Release|Any CPU
	EndGlobalSection
	GlobalSection(ProjectConfigurationPlatforms) = postSolution
		{5C349A39-2A61-4604-85E0-E423A68B1282}.Debug|Any CPU.ActiveCfg = Debug|Any CPU
		{5C349A39-2A61-4604-85E0-E423A68B1282}.Debug|Any CPU.Build.0 = Debug|Any CPU
		{5C349A39-2A61-4604-85E0-E423A68B1282}.Release|Any CPU.ActiveCfg = Release|Any CPU
		{5C349A39-2A61-4604-85E0-E423A68B1282}.Release|Any CPU.Build.0 = Release|Any CPU
		{311AE245-EB48-4F77-A481-BF6CD72F70E9}.Debug|Any CPU.ActiveCfg = Debug|Any CPU
		{311AE245-EB48-4F77-A481-BF6CD72F70E9}.Debug|Any CPU.Build.0 = Debug|Any CPU
		{311AE245-EB48-4F77-A481-BF6CD72F70E9}.Release|Any CPU.ActiveCfg = Release|Any CPU
		{311AE245-EB48-4F77-A481-BF6CD72F70E9}.Release|Any CPU.Build.0 = Release|Any CPU
		{716F35B4-57B1-42FC-BCF6-50CC08637D55}.Debug|Any CPU.ActiveCfg = Debug|Any CPU
		{716F35B4-57B1-42FC-BCF6-50CC08637D55}.Debug|Any CPU.Build.0 = Debug|Any CPU
		{716F35B4-57B1-42FC-BCF6-50CC08637D55}.Release|Any CPU.ActiveCfg = Release|Any CPU
		{716F35B4-57B1-42FC-BCF6-50CC08637D55}.Release|Any CPU.Build.0 = Release|Any CPU
	EndGlobalSection
	GlobalSection(SolutionProperties) = preSolution
		HideSolutionNode = FALSE
	EndGlobalSection
	GlobalSection(ExtensibilityGlobals) = postSolution
		SolutionGuid = {2A881AC3-2900-4D60-915D-4F988706EF2F}
	EndGlobalSection
EndGlobal
